
Microsoft Visual Studio Solution File, Format Version 12.00
# Visual Studio Version 16
VisualStudioVersion = 16.0.31005.135
MinimumVisualStudioVersion = 10.0.40219.1
Project("{FAE04EC0-301F-11D3-BF4B-00C04F79EFBC}") = "Demo", "Demo.csproj", "{06020350-D0AE-478A-9CA7-FBF7476594FF}"
EndProject
Global
	GlobalSection(SolutionConfigurationPlatforms) = preSolution
		Debug|Any CPU = Debug|Any CPU
		Release|Any CPU = Release|Any CPU
	EndGlobalSection
	GlobalSection(ProjectConfigurationPlatforms) = postSolution
		{06020350-D0AE-478A-9CA7-FBF7476594FF}.Debug|Any CPU.ActiveCfg = Debug|Any CPU
		{06020350-D0AE-478A-9CA7-FBF7476594FF}.Debug|Any CPU.Build.0 = Debug|Any CPU
		{06020350-D0AE-478A-9CA7-FBF7476594FF}.Release|Any CPU.ActiveCfg = Release|Any CPU
		{06020350-D0AE-478A-9CA7-FBF7476594FF}.Release|Any CPU.Build.0 = Release|Any CPU
	EndGlobalSection
	GlobalSection(SolutionProperties) = preSolution
		HideSolutionNode = FALSE
	EndGlobalSection
	GlobalSection(ExtensibilityGlobals) = postSolution
		SolutionGuid = {14FD1550-9A04-41F4-9891-ED640324E60F}
	EndGlobalSection
EndGlobal
